{
  "name": "little-virtual-computer",
  "version": "0.0.1",
  "lockfileVersion": 1,
  "requires": true,
  "dependencies": {
    "esbuild": {
      "version": "0.8.44",
      "resolved": "https://registry.npmjs.org/esbuild/-/esbuild-0.8.44.tgz",
      "integrity": "sha512-m9yyBZMgWuAB7e7tA2g9L4PovoLa5Xb73+Yg9uBBR2w3Fe4P9/nxqj/HLrw1k/rjdjF1eX1kNJRytboqOtRCCQ==",
      "dev": true
    }
  }
}
