{
  "name": "little-virtual-computer",
  "version": "0.0.1",
  "lockfileVersion": 1,
  "requires": true,
  "dependencies": {
    "esbuild": {
      "version": "0.11.20",
      "resolved": "https://registry.nlark.com/esbuild/download/esbuild-0.11.20.tgz?cache=0&sync_timestamp=1620435867772&other_urls=https%3A%2F%2Fregistry.nlark.com%2Fesbuild%2Fdownload%2Fesbuild-0.11.20.tgz",
      "integrity": "sha1-fO+hruizcsGE5CRXiF985dPmKh4=",
      "dev": true
    }
  }
}
