{
  "name": "little-virtual-computer",
  "version": "0.0.1",
  "lockfileVersion": 1,
  "requires": true,
  "dependencies": {
    "esbuild": {
      "version": "0.8.50",
      "resolved": "https://registry.npmjs.org/esbuild/-/esbuild-0.8.50.tgz",
      "integrity": "sha512-oidFLXssA7IccYzkqLVZSqNJDwDq8Mh/vqvrW+3fPWM7iUiC5O2bCllhnO8+K9LlyL/2Z6n+WwRJAz9fqSIVRg==",
      "dev": true
    }
  }
}
